
Microsoft Visual Studio Solution File, Format Version 12.00
# Visual Studio 2013
VisualStudioVersion = 12.0.40629.0
MinimumVisualStudioVersion = 10.0.40219.1
Project("{8BC9CEB8-8B4A-11D0-8D11-00A0C91BC942}") = "tidopLib", "src\tidopLib.vcxproj", "{F39AF565-7429-4F4C-A13C-C1EDB3C0F529}"
EndProject
Project("{2150E333-8FDC-42A3-9474-1A3956D46DE8}") = "apps", "apps", "{D072A721-7741-4E10-8FC6-18DA5DEAE85F}"
EndProject
Project("{8BC9CEB8-8B4A-11D0-8D11-00A0C91BC942}") = "DeteccionApoyos", "apps\DeteccionApoyos\DeteccionApoyos.vcxproj", "{33C5DFD4-C195-4F92-969D-E2802AEF5957}"
EndProject
Project("{8BC9CEB8-8B4A-11D0-8D11-00A0C91BC942}") = "disparity_map", "apps\disparity_map\disparity_map.vcxproj", "{0A3253BC-1302-4140-80E1-2C73814A0C74}"
EndProject
Project("{8BC9CEB8-8B4A-11D0-8D11-00A0C91BC942}") = "InsulatorsDetection", "apps\InsulatorsDetection\InsulatorsDetection.vcxproj", "{205E008A-6401-43CB-9312-5DE64CE3AB4E}"
EndProject
Project("{2150E333-8FDC-42A3-9474-1A3956D46DE8}") = "test", "test", "{1597BE8E-4955-4BE2-9443-716CAF26723C}"
EndProject
Project("{8BC9CEB8-8B4A-11D0-8D11-00A0C91BC942}") = "LineDetectionFourier", "apps\LineDetectionFourier\LineDetectionFourier.vcxproj", "{F404908D-958E-4D40-B9DE-5D6256FDE6FD}"
EndProject
Project("{8BC9CEB8-8B4A-11D0-8D11-00A0C91BC942}") = "TrackLines", "apps\TrackLines\TrackLines.vcxproj", "{A439A09C-DC30-464B-86E0-54E807539192}"
EndProject
Project("{2150E333-8FDC-42A3-9474-1A3956D46DE8}") = "third_party", "third_party", "{234D218C-F0FF-45E4-8F2B-88391E78F4F8}"
EndProject
Project("{2150E333-8FDC-42A3-9474-1A3956D46DE8}") = "Ingenio3000", "Ingenio3000", "{157BA37A-A4A4-48B5-8514-50D51DD14533}"
EndProject
Project("{8BC9CEB8-8B4A-11D0-8D11-00A0C91BC942}") = "utils_test", "test\utils_test\utils_test.vcxproj", "{6CDB80D7-407F-4856-9050-76BC552BC871}"
EndProject
Project("{8BC9CEB8-8B4A-11D0-8D11-00A0C91BC942}") = "window_test", "test\window_test\window_test.vcxproj", "{EF79B18C-2D8B-489D-A477-E8E6E295F129}"
EndProject
Project("{8BC9CEB8-8B4A-11D0-8D11-00A0C91BC942}") = "transform_test", "test\transform_test\transform_test.vcxproj", "{1914A704-E584-4700-9394-EC0F74987E9F}"
EndProject
Project("{8BC9CEB8-8B4A-11D0-8D11-00A0C91BC942}") = "msg_test", "test\messages_test\msg_test.vcxproj", "{6ACFE087-2C05-4191-AC46-9D5ECDF73AF9}"
EndProject
Project("{8BC9CEB8-8B4A-11D0-8D11-00A0C91BC942}") = "camera_position", "apps\camera_position\camera_position.vcxproj", "{18DBB010-32DA-4B37-866C-D0BFBB38CC36}"
EndProject
Project("{8BC9CEB8-8B4A-11D0-8D11-00A0C91BC942}") = "lineString_test", "test\lineString_test\lineString_test.vcxproj", "{9C5F42EC-D768-43FE-BED3-EA3C65608FE1}"
EndProject
Project("{8BC9CEB8-8B4A-11D0-8D11-00A0C91BC942}") = "cloud_points", "apps\cloud_points\cloud_points.vcxproj", "{4E2451FE-7041-4B19-8B44-F8F40C309F81}"
EndProject
Project("{8BC9CEB8-8B4A-11D0-8D11-00A0C91BC942}") = "color_test", "test\color_test\color_test.vcxproj", "{67527D52-E5F1-4236-AC8D-E2C074303632}"
EndProject
Project("{8BC9CEB8-8B4A-11D0-8D11-00A0C91BC942}") = "flag_test", "test\flag_test\flag_test.vcxproj", "{738EF327-F1D6-4B9A-B256-FC67D4EEBEE9}"
EndProject
Project("{8BC9CEB8-8B4A-11D0-8D11-00A0C91BC942}") = "mathutils_test", "test\mathutils_test\mathutils_test.vcxproj", "{AF105F4A-9860-4751-9CE4-1EDB2A703E4B}"
EndProject
Project("{8BC9CEB8-8B4A-11D0-8D11-00A0C91BC942}") = "segment_test", "test\segment_test\segment_test.vcxproj", "{DBE5D28F-1FC1-4CE7-A9BE-01A0BC707287}"
EndProject
Project("{8BC9CEB8-8B4A-11D0-8D11-00A0C91BC942}") = "damage_detection", "apps\damage_detection\damage_detection.vcxproj", "{71900CA6-8286-4AF2-B45C-AFA346E65298}"
EndProject
Project("{8BC9CEB8-8B4A-11D0-8D11-00A0C91BC942}") = "shape_detection", "apps\shape_detection\shape_detection.vcxproj", "{4A944EC0-3C3E-44A6-8228-40CC9EA27AED}"
EndProject
Project("{8BC9CEB8-8B4A-11D0-8D11-00A0C91BC942}") = "generalised_hough", "apps\generalised_hough\generalised_hough.vcxproj", "{837D83F8-3F84-4D71-AC93-2AB83A18B944}"
EndProject
Global
	GlobalSection(SolutionConfigurationPlatforms) = preSolution
		Debug|Mixed Platforms = Debug|Mixed Platforms
		Debug|Win32 = Debug|Win32
		Debug|x64 = Debug|x64
		Release|Mixed Platforms = Release|Mixed Platforms
		Release|Win32 = Release|Win32
		Release|x64 = Release|x64
	EndGlobalSection
	GlobalSection(ProjectConfigurationPlatforms) = postSolution
		{F39AF565-7429-4F4C-A13C-C1EDB3C0F529}.Debug|Mixed Platforms.ActiveCfg = Debug|x64
		{F39AF565-7429-4F4C-A13C-C1EDB3C0F529}.Debug|Mixed Platforms.Build.0 = Debug|x64
		{F39AF565-7429-4F4C-A13C-C1EDB3C0F529}.Debug|Win32.ActiveCfg = Debug|x64
		{F39AF565-7429-4F4C-A13C-C1EDB3C0F529}.Debug|x64.ActiveCfg = Debug|x64
		{F39AF565-7429-4F4C-A13C-C1EDB3C0F529}.Debug|x64.Build.0 = Debug|x64
		{F39AF565-7429-4F4C-A13C-C1EDB3C0F529}.Release|Mixed Platforms.ActiveCfg = Release|x64
		{F39AF565-7429-4F4C-A13C-C1EDB3C0F529}.Release|Mixed Platforms.Build.0 = Release|x64
		{F39AF565-7429-4F4C-A13C-C1EDB3C0F529}.Release|Win32.ActiveCfg = Release|x64
		{F39AF565-7429-4F4C-A13C-C1EDB3C0F529}.Release|x64.ActiveCfg = Release|x64
		{F39AF565-7429-4F4C-A13C-C1EDB3C0F529}.Release|x64.Build.0 = Release|x64
		{33C5DFD4-C195-4F92-969D-E2802AEF5957}.Debug|Mixed Platforms.ActiveCfg = Debug|x64
		{33C5DFD4-C195-4F92-969D-E2802AEF5957}.Debug|Mixed Platforms.Build.0 = Debug|x64
		{33C5DFD4-C195-4F92-969D-E2802AEF5957}.Debug|Win32.ActiveCfg = Debug|x64
		{33C5DFD4-C195-4F92-969D-E2802AEF5957}.Debug|x64.ActiveCfg = Debug|x64
		{33C5DFD4-C195-4F92-969D-E2802AEF5957}.Debug|x64.Build.0 = Debug|x64
		{33C5DFD4-C195-4F92-969D-E2802AEF5957}.Release|Mixed Platforms.ActiveCfg = Release|x64
		{33C5DFD4-C195-4F92-969D-E2802AEF5957}.Release|Mixed Platforms.Build.0 = Release|x64
		{33C5DFD4-C195-4F92-969D-E2802AEF5957}.Release|Win32.ActiveCfg = Release|x64
		{33C5DFD4-C195-4F92-969D-E2802AEF5957}.Release|x64.ActiveCfg = Release|x64
		{33C5DFD4-C195-4F92-969D-E2802AEF5957}.Release|x64.Build.0 = Release|x64
		{0A3253BC-1302-4140-80E1-2C73814A0C74}.Debug|Mixed Platforms.ActiveCfg = Debug|x64
		{0A3253BC-1302-4140-80E1-2C73814A0C74}.Debug|Mixed Platforms.Build.0 = Debug|x64
		{0A3253BC-1302-4140-80E1-2C73814A0C74}.Debug|Win32.ActiveCfg = Debug|x64
		{0A3253BC-1302-4140-80E1-2C73814A0C74}.Debug|x64.ActiveCfg = Debug|x64
		{0A3253BC-1302-4140-80E1-2C73814A0C74}.Debug|x64.Build.0 = Debug|x64
		{0A3253BC-1302-4140-80E1-2C73814A0C74}.Release|Mixed Platforms.ActiveCfg = Release|x64
		{0A3253BC-1302-4140-80E1-2C73814A0C74}.Release|Mixed Platforms.Build.0 = Release|x64
		{0A3253BC-1302-4140-80E1-2C73814A0C74}.Release|Win32.ActiveCfg = Release|x64
		{0A3253BC-1302-4140-80E1-2C73814A0C74}.Release|x64.ActiveCfg = Release|x64
		{0A3253BC-1302-4140-80E1-2C73814A0C74}.Release|x64.Build.0 = Release|x64
		{205E008A-6401-43CB-9312-5DE64CE3AB4E}.Debug|Mixed Platforms.ActiveCfg = Debug|x64
		{205E008A-6401-43CB-9312-5DE64CE3AB4E}.Debug|Mixed Platforms.Build.0 = Debug|x64
		{205E008A-6401-43CB-9312-5DE64CE3AB4E}.Debug|Win32.ActiveCfg = Debug|x64
		{205E008A-6401-43CB-9312-5DE64CE3AB4E}.Debug|x64.ActiveCfg = Debug|x64
		{205E008A-6401-43CB-9312-5DE64CE3AB4E}.Debug|x64.Build.0 = Debug|x64
		{205E008A-6401-43CB-9312-5DE64CE3AB4E}.Release|Mixed Platforms.ActiveCfg = Release|x64
		{205E008A-6401-43CB-9312-5DE64CE3AB4E}.Release|Mixed Platforms.Build.0 = Release|x64
		{205E008A-6401-43CB-9312-5DE64CE3AB4E}.Release|Win32.ActiveCfg = Release|x64
		{205E008A-6401-43CB-9312-5DE64CE3AB4E}.Release|x64.ActiveCfg = Release|x64
		{205E008A-6401-43CB-9312-5DE64CE3AB4E}.Release|x64.Build.0 = Release|x64
		{F404908D-958E-4D40-B9DE-5D6256FDE6FD}.Debug|Mixed Platforms.ActiveCfg = Debug|x64
		{F404908D-958E-4D40-B9DE-5D6256FDE6FD}.Debug|Mixed Platforms.Build.0 = Debug|x64
		{F404908D-958E-4D40-B9DE-5D6256FDE6FD}.Debug|Win32.ActiveCfg = Debug|x64
		{F404908D-958E-4D40-B9DE-5D6256FDE6FD}.Debug|x64.ActiveCfg = Debug|x64
		{F404908D-958E-4D40-B9DE-5D6256FDE6FD}.Debug|x64.Build.0 = Debug|x64
		{F404908D-958E-4D40-B9DE-5D6256FDE6FD}.Release|Mixed Platforms.ActiveCfg = Release|x64
		{F404908D-958E-4D40-B9DE-5D6256FDE6FD}.Release|Mixed Platforms.Build.0 = Release|x64
		{F404908D-958E-4D40-B9DE-5D6256FDE6FD}.Release|Win32.ActiveCfg = Release|x64
		{F404908D-958E-4D40-B9DE-5D6256FDE6FD}.Release|x64.ActiveCfg = Release|x64
		{F404908D-958E-4D40-B9DE-5D6256FDE6FD}.Release|x64.Build.0 = Release|x64
		{A439A09C-DC30-464B-86E0-54E807539192}.Debug|Mixed Platforms.ActiveCfg = Debug|x64
		{A439A09C-DC30-464B-86E0-54E807539192}.Debug|Mixed Platforms.Build.0 = Debug|x64
		{A439A09C-DC30-464B-86E0-54E807539192}.Debug|Win32.ActiveCfg = Debug|x64
		{A439A09C-DC30-464B-86E0-54E807539192}.Debug|x64.ActiveCfg = Debug|x64
		{A439A09C-DC30-464B-86E0-54E807539192}.Debug|x64.Build.0 = Debug|x64
		{A439A09C-DC30-464B-86E0-54E807539192}.Release|Mixed Platforms.ActiveCfg = Release|x64
		{A439A09C-DC30-464B-86E0-54E807539192}.Release|Mixed Platforms.Build.0 = Release|x64
		{A439A09C-DC30-464B-86E0-54E807539192}.Release|Win32.ActiveCfg = Release|x64
		{A439A09C-DC30-464B-86E0-54E807539192}.Release|x64.ActiveCfg = Release|x64
		{A439A09C-DC30-464B-86E0-54E807539192}.Release|x64.Build.0 = Release|x64
		{6CDB80D7-407F-4856-9050-76BC552BC871}.Debug|Mixed Platforms.ActiveCfg = Debug|x64
		{6CDB80D7-407F-4856-9050-76BC552BC871}.Debug|Mixed Platforms.Build.0 = Debug|x64
		{6CDB80D7-407F-4856-9050-76BC552BC871}.Debug|Win32.ActiveCfg = Debug|x64
		{6CDB80D7-407F-4856-9050-76BC552BC871}.Debug|x64.ActiveCfg = Debug|x64
		{6CDB80D7-407F-4856-9050-76BC552BC871}.Debug|x64.Build.0 = Debug|x64
		{6CDB80D7-407F-4856-9050-76BC552BC871}.Release|Mixed Platforms.ActiveCfg = Release|x64
		{6CDB80D7-407F-4856-9050-76BC552BC871}.Release|Mixed Platforms.Build.0 = Release|x64
		{6CDB80D7-407F-4856-9050-76BC552BC871}.Release|Win32.ActiveCfg = Release|x64
		{6CDB80D7-407F-4856-9050-76BC552BC871}.Release|x64.ActiveCfg = Release|x64
		{6CDB80D7-407F-4856-9050-76BC552BC871}.Release|x64.Build.0 = Release|x64
		{EF79B18C-2D8B-489D-A477-E8E6E295F129}.Debug|Mixed Platforms.ActiveCfg = Debug|x64
		{EF79B18C-2D8B-489D-A477-E8E6E295F129}.Debug|Mixed Platforms.Build.0 = Debug|x64
		{EF79B18C-2D8B-489D-A477-E8E6E295F129}.Debug|Win32.ActiveCfg = Debug|x64
		{EF79B18C-2D8B-489D-A477-E8E6E295F129}.Debug|x64.ActiveCfg = Debug|x64
		{EF79B18C-2D8B-489D-A477-E8E6E295F129}.Debug|x64.Build.0 = Debug|x64
		{EF79B18C-2D8B-489D-A477-E8E6E295F129}.Release|Mixed Platforms.ActiveCfg = Release|x64
		{EF79B18C-2D8B-489D-A477-E8E6E295F129}.Release|Mixed Platforms.Build.0 = Release|x64
		{EF79B18C-2D8B-489D-A477-E8E6E295F129}.Release|Win32.ActiveCfg = Release|x64
		{EF79B18C-2D8B-489D-A477-E8E6E295F129}.Release|x64.ActiveCfg = Release|x64
		{EF79B18C-2D8B-489D-A477-E8E6E295F129}.Release|x64.Build.0 = Release|x64
		{1914A704-E584-4700-9394-EC0F74987E9F}.Debug|Mixed Platforms.ActiveCfg = Debug|x64
		{1914A704-E584-4700-9394-EC0F74987E9F}.Debug|Mixed Platforms.Build.0 = Debug|x64
		{1914A704-E584-4700-9394-EC0F74987E9F}.Debug|Win32.ActiveCfg = Debug|x64
		{1914A704-E584-4700-9394-EC0F74987E9F}.Debug|x64.ActiveCfg = Debug|x64
		{1914A704-E584-4700-9394-EC0F74987E9F}.Debug|x64.Build.0 = Debug|x64
		{1914A704-E584-4700-9394-EC0F74987E9F}.Release|Mixed Platforms.ActiveCfg = Release|x64
		{1914A704-E584-4700-9394-EC0F74987E9F}.Release|Mixed Platforms.Build.0 = Release|x64
		{1914A704-E584-4700-9394-EC0F74987E9F}.Release|Win32.ActiveCfg = Release|x64
		{1914A704-E584-4700-9394-EC0F74987E9F}.Release|x64.ActiveCfg = Release|x64
		{1914A704-E584-4700-9394-EC0F74987E9F}.Release|x64.Build.0 = Release|x64
		{6ACFE087-2C05-4191-AC46-9D5ECDF73AF9}.Debug|Mixed Platforms.ActiveCfg = Debug|x64
		{6ACFE087-2C05-4191-AC46-9D5ECDF73AF9}.Debug|Mixed Platforms.Build.0 = Debug|x64
		{6ACFE087-2C05-4191-AC46-9D5ECDF73AF9}.Debug|Win32.ActiveCfg = Debug|x64
		{6ACFE087-2C05-4191-AC46-9D5ECDF73AF9}.Debug|x64.ActiveCfg = Debug|x64
		{6ACFE087-2C05-4191-AC46-9D5ECDF73AF9}.Debug|x64.Build.0 = Debug|x64
		{6ACFE087-2C05-4191-AC46-9D5ECDF73AF9}.Release|Mixed Platforms.ActiveCfg = Release|x64
		{6ACFE087-2C05-4191-AC46-9D5ECDF73AF9}.Release|Mixed Platforms.Build.0 = Release|x64
		{6ACFE087-2C05-4191-AC46-9D5ECDF73AF9}.Release|Win32.ActiveCfg = Release|x64
		{6ACFE087-2C05-4191-AC46-9D5ECDF73AF9}.Release|x64.ActiveCfg = Release|x64
		{6ACFE087-2C05-4191-AC46-9D5ECDF73AF9}.Release|x64.Build.0 = Release|x64
		{18DBB010-32DA-4B37-866C-D0BFBB38CC36}.Debug|Mixed Platforms.ActiveCfg = Debug|x64
		{18DBB010-32DA-4B37-866C-D0BFBB38CC36}.Debug|Mixed Platforms.Build.0 = Debug|x64
		{18DBB010-32DA-4B37-866C-D0BFBB38CC36}.Debug|Win32.ActiveCfg = Debug|x64
		{18DBB010-32DA-4B37-866C-D0BFBB38CC36}.Debug|x64.ActiveCfg = Debug|x64
		{18DBB010-32DA-4B37-866C-D0BFBB38CC36}.Debug|x64.Build.0 = Debug|x64
		{18DBB010-32DA-4B37-866C-D0BFBB38CC36}.Release|Mixed Platforms.ActiveCfg = Release|x64
		{18DBB010-32DA-4B37-866C-D0BFBB38CC36}.Release|Mixed Platforms.Build.0 = Release|x64
		{18DBB010-32DA-4B37-866C-D0BFBB38CC36}.Release|Win32.ActiveCfg = Release|x64
		{18DBB010-32DA-4B37-866C-D0BFBB38CC36}.Release|x64.ActiveCfg = Release|x64
		{18DBB010-32DA-4B37-866C-D0BFBB38CC36}.Release|x64.Build.0 = Release|x64
		{9C5F42EC-D768-43FE-BED3-EA3C65608FE1}.Debug|Mixed Platforms.ActiveCfg = Debug|x64
		{9C5F42EC-D768-43FE-BED3-EA3C65608FE1}.Debug|Mixed Platforms.Build.0 = Debug|x64
		{9C5F42EC-D768-43FE-BED3-EA3C65608FE1}.Debug|Win32.ActiveCfg = Debug|x64
		{9C5F42EC-D768-43FE-BED3-EA3C65608FE1}.Debug|x64.ActiveCfg = Debug|x64
		{9C5F42EC-D768-43FE-BED3-EA3C65608FE1}.Debug|x64.Build.0 = Debug|x64
		{9C5F42EC-D768-43FE-BED3-EA3C65608FE1}.Release|Mixed Platforms.ActiveCfg = Release|x64
		{9C5F42EC-D768-43FE-BED3-EA3C65608FE1}.Release|Mixed Platforms.Build.0 = Release|x64
		{9C5F42EC-D768-43FE-BED3-EA3C65608FE1}.Release|Win32.ActiveCfg = Release|x64
		{9C5F42EC-D768-43FE-BED3-EA3C65608FE1}.Release|x64.ActiveCfg = Release|x64
		{9C5F42EC-D768-43FE-BED3-EA3C65608FE1}.Release|x64.Build.0 = Release|x64
		{4E2451FE-7041-4B19-8B44-F8F40C309F81}.Debug|Mixed Platforms.ActiveCfg = Debug|x64
		{4E2451FE-7041-4B19-8B44-F8F40C309F81}.Debug|Mixed Platforms.Build.0 = Debug|x64
		{4E2451FE-7041-4B19-8B44-F8F40C309F81}.Debug|Win32.ActiveCfg = Debug|x64
		{4E2451FE-7041-4B19-8B44-F8F40C309F81}.Debug|x64.ActiveCfg = Debug|x64
		{4E2451FE-7041-4B19-8B44-F8F40C309F81}.Debug|x64.Build.0 = Debug|x64
		{4E2451FE-7041-4B19-8B44-F8F40C309F81}.Release|Mixed Platforms.ActiveCfg = Release|x64
		{4E2451FE-7041-4B19-8B44-F8F40C309F81}.Release|Mixed Platforms.Build.0 = Release|x64
		{4E2451FE-7041-4B19-8B44-F8F40C309F81}.Release|Win32.ActiveCfg = Release|x64
		{4E2451FE-7041-4B19-8B44-F8F40C309F81}.Release|x64.ActiveCfg = Release|x64
		{4E2451FE-7041-4B19-8B44-F8F40C309F81}.Release|x64.Build.0 = Release|x64
		{67527D52-E5F1-4236-AC8D-E2C074303632}.Debug|Mixed Platforms.ActiveCfg = Debug|x64
		{67527D52-E5F1-4236-AC8D-E2C074303632}.Debug|Mixed Platforms.Build.0 = Debug|x64
		{67527D52-E5F1-4236-AC8D-E2C074303632}.Debug|Win32.ActiveCfg = Debug|x64
		{67527D52-E5F1-4236-AC8D-E2C074303632}.Debug|x64.ActiveCfg = Debug|x64
		{67527D52-E5F1-4236-AC8D-E2C074303632}.Debug|x64.Build.0 = Debug|x64
		{67527D52-E5F1-4236-AC8D-E2C074303632}.Release|Mixed Platforms.ActiveCfg = Release|x64
		{67527D52-E5F1-4236-AC8D-E2C074303632}.Release|Mixed Platforms.Build.0 = Release|x64
		{67527D52-E5F1-4236-AC8D-E2C074303632}.Release|Win32.ActiveCfg = Release|x64
		{67527D52-E5F1-4236-AC8D-E2C074303632}.Release|x64.ActiveCfg = Release|x64
		{67527D52-E5F1-4236-AC8D-E2C074303632}.Release|x64.Build.0 = Release|x64
		{738EF327-F1D6-4B9A-B256-FC67D4EEBEE9}.Debug|Mixed Platforms.ActiveCfg = Debug|x64
		{738EF327-F1D6-4B9A-B256-FC67D4EEBEE9}.Debug|Mixed Platforms.Build.0 = Debug|x64
		{738EF327-F1D6-4B9A-B256-FC67D4EEBEE9}.Debug|Win32.ActiveCfg = Debug|x64
		{738EF327-F1D6-4B9A-B256-FC67D4EEBEE9}.Debug|x64.ActiveCfg = Debug|x64
		{738EF327-F1D6-4B9A-B256-FC67D4EEBEE9}.Debug|x64.Build.0 = Debug|x64
		{738EF327-F1D6-4B9A-B256-FC67D4EEBEE9}.Release|Mixed Platforms.ActiveCfg = Release|x64
		{738EF327-F1D6-4B9A-B256-FC67D4EEBEE9}.Release|Mixed Platforms.Build.0 = Release|x64
		{738EF327-F1D6-4B9A-B256-FC67D4EEBEE9}.Release|Win32.ActiveCfg = Release|x64
		{738EF327-F1D6-4B9A-B256-FC67D4EEBEE9}.Release|x64.ActiveCfg = Release|x64
		{738EF327-F1D6-4B9A-B256-FC67D4EEBEE9}.Release|x64.Build.0 = Release|x64
		{AF105F4A-9860-4751-9CE4-1EDB2A703E4B}.Debug|Mixed Platforms.ActiveCfg = Debug|x64
		{AF105F4A-9860-4751-9CE4-1EDB2A703E4B}.Debug|Mixed Platforms.Build.0 = Debug|x64
		{AF105F4A-9860-4751-9CE4-1EDB2A703E4B}.Debug|Win32.ActiveCfg = Debug|x64
		{AF105F4A-9860-4751-9CE4-1EDB2A703E4B}.Debug|x64.ActiveCfg = Debug|x64
		{AF105F4A-9860-4751-9CE4-1EDB2A703E4B}.Debug|x64.Build.0 = Debug|x64
		{AF105F4A-9860-4751-9CE4-1EDB2A703E4B}.Release|Mixed Platforms.ActiveCfg = Release|x64
		{AF105F4A-9860-4751-9CE4-1EDB2A703E4B}.Release|Mixed Platforms.Build.0 = Release|x64
		{AF105F4A-9860-4751-9CE4-1EDB2A703E4B}.Release|Win32.ActiveCfg = Release|x64
		{AF105F4A-9860-4751-9CE4-1EDB2A703E4B}.Release|x64.ActiveCfg = Release|x64
		{AF105F4A-9860-4751-9CE4-1EDB2A703E4B}.Release|x64.Build.0 = Release|x64
		{DBE5D28F-1FC1-4CE7-A9BE-01A0BC707287}.Debug|Mixed Platforms.ActiveCfg = Debug|x64
		{DBE5D28F-1FC1-4CE7-A9BE-01A0BC707287}.Debug|Mixed Platforms.Build.0 = Debug|x64
		{DBE5D28F-1FC1-4CE7-A9BE-01A0BC707287}.Debug|Win32.ActiveCfg = Debug|x64
		{DBE5D28F-1FC1-4CE7-A9BE-01A0BC707287}.Debug|x64.ActiveCfg = Debug|x64
		{DBE5D28F-1FC1-4CE7-A9BE-01A0BC707287}.Debug|x64.Build.0 = Debug|x64
		{DBE5D28F-1FC1-4CE7-A9BE-01A0BC707287}.Release|Mixed Platforms.ActiveCfg = Release|x64
		{DBE5D28F-1FC1-4CE7-A9BE-01A0BC707287}.Release|Mixed Platforms.Build.0 = Release|x64
		{DBE5D28F-1FC1-4CE7-A9BE-01A0BC707287}.Release|Win32.ActiveCfg = Release|x64
		{DBE5D28F-1FC1-4CE7-A9BE-01A0BC707287}.Release|x64.ActiveCfg = Release|x64
		{DBE5D28F-1FC1-4CE7-A9BE-01A0BC707287}.Release|x64.Build.0 = Release|x64
		{71900CA6-8286-4AF2-B45C-AFA346E65298}.Debug|Mixed Platforms.ActiveCfg = Debug|x64
		{71900CA6-8286-4AF2-B45C-AFA346E65298}.Debug|Mixed Platforms.Build.0 = Debug|x64
		{71900CA6-8286-4AF2-B45C-AFA346E65298}.Debug|Win32.ActiveCfg = Debug|x64
		{71900CA6-8286-4AF2-B45C-AFA346E65298}.Debug|x64.ActiveCfg = Debug|x64
		{71900CA6-8286-4AF2-B45C-AFA346E65298}.Debug|x64.Build.0 = Debug|x64
		{71900CA6-8286-4AF2-B45C-AFA346E65298}.Release|Mixed Platforms.ActiveCfg = Release|x64
		{71900CA6-8286-4AF2-B45C-AFA346E65298}.Release|Mixed Platforms.Build.0 = Release|x64
		{71900CA6-8286-4AF2-B45C-AFA346E65298}.Release|Win32.ActiveCfg = Release|x64
		{71900CA6-8286-4AF2-B45C-AFA346E65298}.Release|x64.ActiveCfg = Release|x64
		{71900CA6-8286-4AF2-B45C-AFA346E65298}.Release|x64.Build.0 = Release|x64
		{4A944EC0-3C3E-44A6-8228-40CC9EA27AED}.Debug|Mixed Platforms.ActiveCfg = Debug|x64
		{4A944EC0-3C3E-44A6-8228-40CC9EA27AED}.Debug|Mixed Platforms.Build.0 = Debug|x64
		{4A944EC0-3C3E-44A6-8228-40CC9EA27AED}.Debug|Win32.ActiveCfg = Debug|x64
		{4A944EC0-3C3E-44A6-8228-40CC9EA27AED}.Debug|x64.ActiveCfg = Debug|x64
		{4A944EC0-3C3E-44A6-8228-40CC9EA27AED}.Debug|x64.Build.0 = Debug|x64
		{4A944EC0-3C3E-44A6-8228-40CC9EA27AED}.Release|Mixed Platforms.ActiveCfg = Release|x64
		{4A944EC0-3C3E-44A6-8228-40CC9EA27AED}.Release|Mixed Platforms.Build.0 = Release|x64
		{4A944EC0-3C3E-44A6-8228-40CC9EA27AED}.Release|Win32.ActiveCfg = Release|x64
		{4A944EC0-3C3E-44A6-8228-40CC9EA27AED}.Release|x64.ActiveCfg = Release|x64
		{4A944EC0-3C3E-44A6-8228-40CC9EA27AED}.Release|x64.Build.0 = Release|x64
		{837D83F8-3F84-4D71-AC93-2AB83A18B944}.Debug|Mixed Platforms.ActiveCfg = Debug|x64
		{837D83F8-3F84-4D71-AC93-2AB83A18B944}.Debug|Mixed Platforms.Build.0 = Debug|x64
		{837D83F8-3F84-4D71-AC93-2AB83A18B944}.Debug|Win32.ActiveCfg = Debug|x64
		{837D83F8-3F84-4D71-AC93-2AB83A18B944}.Debug|x64.ActiveCfg = Debug|x64
		{837D83F8-3F84-4D71-AC93-2AB83A18B944}.Debug|x64.Build.0 = Debug|x64
		{837D83F8-3F84-4D71-AC93-2AB83A18B944}.Release|Mixed Platforms.ActiveCfg = Release|x64
		{837D83F8-3F84-4D71-AC93-2AB83A18B944}.Release|Mixed Platforms.Build.0 = Release|x64
		{837D83F8-3F84-4D71-AC93-2AB83A18B944}.Release|Win32.ActiveCfg = Release|x64
		{837D83F8-3F84-4D71-AC93-2AB83A18B944}.Release|x64.ActiveCfg = Release|x64
		{837D83F8-3F84-4D71-AC93-2AB83A18B944}.Release|x64.Build.0 = Release|x64
	EndGlobalSection
	GlobalSection(SolutionProperties) = preSolution
		HideSolutionNode = FALSE
	EndGlobalSection
	GlobalSection(NestedProjects) = preSolution
		{33C5DFD4-C195-4F92-969D-E2802AEF5957} = {157BA37A-A4A4-48B5-8514-50D51DD14533}
		{0A3253BC-1302-4140-80E1-2C73814A0C74} = {157BA37A-A4A4-48B5-8514-50D51DD14533}
		{205E008A-6401-43CB-9312-5DE64CE3AB4E} = {157BA37A-A4A4-48B5-8514-50D51DD14533}
		{F404908D-958E-4D40-B9DE-5D6256FDE6FD} = {157BA37A-A4A4-48B5-8514-50D51DD14533}
		{A439A09C-DC30-464B-86E0-54E807539192} = {157BA37A-A4A4-48B5-8514-50D51DD14533}
		{157BA37A-A4A4-48B5-8514-50D51DD14533} = {D072A721-7741-4E10-8FC6-18DA5DEAE85F}
		{6CDB80D7-407F-4856-9050-76BC552BC871} = {1597BE8E-4955-4BE2-9443-716CAF26723C}
		{EF79B18C-2D8B-489D-A477-E8E6E295F129} = {1597BE8E-4955-4BE2-9443-716CAF26723C}
		{1914A704-E584-4700-9394-EC0F74987E9F} = {1597BE8E-4955-4BE2-9443-716CAF26723C}
		{6ACFE087-2C05-4191-AC46-9D5ECDF73AF9} = {1597BE8E-4955-4BE2-9443-716CAF26723C}
		{18DBB010-32DA-4B37-866C-D0BFBB38CC36} = {157BA37A-A4A4-48B5-8514-50D51DD14533}
		{9C5F42EC-D768-43FE-BED3-EA3C65608FE1} = {1597BE8E-4955-4BE2-9443-716CAF26723C}
		{4E2451FE-7041-4B19-8B44-F8F40C309F81} = {157BA37A-A4A4-48B5-8514-50D51DD14533}
		{67527D52-E5F1-4236-AC8D-E2C074303632} = {1597BE8E-4955-4BE2-9443-716CAF26723C}
		{738EF327-F1D6-4B9A-B256-FC67D4EEBEE9} = {1597BE8E-4955-4BE2-9443-716CAF26723C}
		{AF105F4A-9860-4751-9CE4-1EDB2A703E4B} = {1597BE8E-4955-4BE2-9443-716CAF26723C}
		{DBE5D28F-1FC1-4CE7-A9BE-01A0BC707287} = {1597BE8E-4955-4BE2-9443-716CAF26723C}
		{71900CA6-8286-4AF2-B45C-AFA346E65298} = {157BA37A-A4A4-48B5-8514-50D51DD14533}
		{4A944EC0-3C3E-44A6-8228-40CC9EA27AED} = {157BA37A-A4A4-48B5-8514-50D51DD14533}
		{837D83F8-3F84-4D71-AC93-2AB83A18B944} = {157BA37A-A4A4-48B5-8514-50D51DD14533}
	EndGlobalSection
EndGlobal
