<?xml version="1.0" encoding="utf-8"?>
<Project ToolsVersion="4.0" xmlns="http://schemas.microsoft.com/developer/msbuild/2003">
  <ItemGroup>
    <Filter Include="Archivos de código fuente">
      <UniqueIdentifier>{4FC737F1-C7A5-4376-A066-2A32D752A2FF}</UniqueIdentifier>
      <Extensions>cpp;c;cc;cxx;def;odl;idl;hpj;bat;asm;asmx</Extensions>
    </Filter>
    <Filter Include="Archivos de encabezado">
      <UniqueIdentifier>{93995380-89BD-4b04-88EB-625FBE52EBFB}</UniqueIdentifier>
      <Extensions>h;hh;hpp;hxx;hm;inl;inc;xsd</Extensions>
    </Filter>
    <Filter Include="Archivos de recursos">
      <UniqueIdentifier>{67DA6AB6-F800-4c08-8B7A-83BB121AAD01}</UniqueIdentifier>
      <Extensions>rc;ico;cur;bmp;dlg;rc2;rct;bin;rgs;gif;jpg;jpeg;jpe;resx;tiff;tif;png;wav;mfcribbon-ms</Extensions>
    </Filter>
    <Filter Include="Archivos de código fuente\geometric_entities">
      <UniqueIdentifier>{b274c850-5e68-4b78-b63d-59a55af66e8d}</UniqueIdentifier>
    </Filter>
    <Filter Include="Archivos de código fuente\point_cloud">
      <UniqueIdentifier>{c64704e5-adad-4280-bc15-b0b069e6bf1c}</UniqueIdentifier>
    </Filter>
    <Filter Include="Archivos de encabezado\point_cloud">
      <UniqueIdentifier>{3c6277b2-7feb-4ddf-9c88-a12d5fa693d7}</UniqueIdentifier>
    </Filter>
    <Filter Include="Archivos de encabezado\geometric_entities">
      <UniqueIdentifier>{fdc45950-657a-4f09-879c-5ac0644709df}</UniqueIdentifier>
    </Filter>
    <Filter Include="Archivos de encabezado\core">
      <UniqueIdentifier>{f3d024f5-caa7-4372-b46d-ae321d8b4e1e}</UniqueIdentifier>
    </Filter>
    <Filter Include="Archivos de código fuente\core">
      <UniqueIdentifier>{98fae408-8227-42ba-9350-ad17b939ff43}</UniqueIdentifier>
    </Filter>
    <Filter Include="Archivos de encabezado\graphic_entities">
      <UniqueIdentifier>{b5e93d55-545c-4eab-a6ab-c1ec14c85ae0}</UniqueIdentifier>
    </Filter>
    <Filter Include="Archivos de código fuente\graphic_entities">
      <UniqueIdentifier>{6b7b45c7-c3a0-41cb-96db-6a3d7749c64b}</UniqueIdentifier>
    </Filter>
  </ItemGroup>
  <ItemGroup>
    <ClCompile Include="geometric_entities\operations.cpp">
      <Filter>Archivos de código fuente\geometric_entities</Filter>
    </ClCompile>
    <ClCompile Include="geometric_entities\point.cpp">
      <Filter>Archivos de código fuente\geometric_entities</Filter>
    </ClCompile>
    <ClCompile Include="geometric_entities\segment.cpp">
      <Filter>Archivos de código fuente\geometric_entities</Filter>
    </ClCompile>
    <ClCompile Include="geometric_entities\window.cpp">
      <Filter>Archivos de código fuente\geometric_entities</Filter>
    </ClCompile>
    <ClCompile Include="fourier.cpp">
      <Filter>Archivos de código fuente</Filter>
    </ClCompile>
    <ClCompile Include="ImgProcessing.cpp">
      <Filter>Archivos de código fuente</Filter>
    </ClCompile>
    <ClCompile Include="linedetector.cpp">
      <Filter>Archivos de código fuente</Filter>
    </ClCompile>
    <ClCompile Include="Logger.cpp">
      <Filter>Archivos de código fuente</Filter>
    </ClCompile>
    <ClCompile Include="matching.cpp">
      <Filter>Archivos de código fuente</Filter>
    </ClCompile>
    <ClCompile Include="transform.cpp">
      <Filter>Archivos de código fuente</Filter>
    </ClCompile>
    <ClCompile Include="utils.cpp">
      <Filter>Archivos de código fuente</Filter>
    </ClCompile>
    <ClCompile Include="VideoStream.cpp">
      <Filter>Archivos de código fuente</Filter>
    </ClCompile>
    <ClCompile Include="core\messages.cpp">
      <Filter>Archivos de código fuente\core</Filter>
    </ClCompile>
    <ClCompile Include="core\console.cpp">
      <Filter>Archivos de código fuente\core</Filter>
    </ClCompile>
    <ClCompile Include="geometric_entities\lineString.cpp">
      <Filter>Archivos de código fuente\geometric_entities</Filter>
    </ClCompile>
    <ClCompile Include="graphic_entities\graphic_entity.cpp">
      <Filter>Archivos de código fuente\graphic_entities</Filter>
    </ClCompile>
    <ClCompile Include="core\events.cpp">
      <Filter>Archivos de código fuente\core</Filter>
    </ClCompile>
  </ItemGroup>
  <ItemGroup>
    <ClInclude Include="geometric_entities\operations.h">
      <Filter>Archivos de encabezado\geometric_entities</Filter>
    </ClInclude>
    <ClInclude Include="geometric_entities\point.h">
      <Filter>Archivos de encabezado\geometric_entities</Filter>
    </ClInclude>
    <ClInclude Include="geometric_entities\segment.h">
      <Filter>Archivos de encabezado\geometric_entities</Filter>
    </ClInclude>
    <ClInclude Include="geometric_entities\window.h">
      <Filter>Archivos de encabezado\geometric_entities</Filter>
    </ClInclude>
    <ClInclude Include="core\config.h">
      <Filter>Archivos de encabezado\core</Filter>
    </ClInclude>
    <ClInclude Include="core\defs.h">
      <Filter>Archivos de encabezado\core</Filter>
    </ClInclude>
    <ClInclude Include="fourier.h">
      <Filter>Archivos de encabezado</Filter>
    </ClInclude>
    <ClInclude Include="ImgProcessing.h">
      <Filter>Archivos de encabezado</Filter>
    </ClInclude>
    <ClInclude Include="LineDetector.h">
      <Filter>Archivos de encabezado</Filter>
    </ClInclude>
    <ClInclude Include="Logger.h">
      <Filter>Archivos de encabezado</Filter>
    </ClInclude>
    <ClInclude Include="matching.h">
      <Filter>Archivos de encabezado</Filter>
    </ClInclude>
    <ClInclude Include="transform.h">
      <Filter>Archivos de encabezado</Filter>
    </ClInclude>
    <ClInclude Include="utils.h">
      <Filter>Archivos de encabezado</Filter>
    </ClInclude>
    <ClInclude Include="VideoStream.h">
      <Filter>Archivos de encabezado</Filter>
    </ClInclude>
    <ClInclude Include="core\messages.h">
      <Filter>Archivos de encabezado\core</Filter>
    </ClInclude>
    <ClInclude Include="core\flags.h">
      <Filter>Archivos de encabezado\core</Filter>
    </ClInclude>
    <ClInclude Include="core\console.h">
      <Filter>Archivos de encabezado\core</Filter>
    </ClInclude>
    <ClInclude Include="geometric_entities\lineString.h">
      <Filter>Archivos de encabezado\geometric_entities</Filter>
    </ClInclude>
    <ClInclude Include="graphic_entities\graphic_entity.h">
      <Filter>Archivos de encabezado\graphic_entities</Filter>
    </ClInclude>
    <ClInclude Include="core\events.h">
      <Filter>Archivos de encabezado\core</Filter>
    </ClInclude>
  </ItemGroup>
</Project>